// !$*UTF8*$!
{
	archiveVersion = 1;
	classes = {
	};
	objectVersion = 46;
	objects = {

/* Begin PBXBuildFile section */
		53AA1F6A1BF4D3BA007CABE5 /* TableViewController.m in Sources */ = {isa = PBXBuildFile; fileRef = 53AA1F691BF4D3BA007CABE5 /* TableViewController.m */; };
		53C85A3F1BF411D60049DAE6 /* main.m in Sources */ = {isa = PBXBuildFile; fileRef = 53C85A3E1BF411D60049DAE6 /* main.m */; };
		53C85A421BF411D60049DAE6 /* AppDelegate.m in Sources */ = {isa = PBXBuildFile; fileRef = 53C85A411BF411D60049DAE6 /* AppDelegate.m */; };
		53C85A451BF411D60049DAE6 /* ViewController.m in Sources */ = {isa = PBXBuildFile; fileRef = 53C85A441BF411D60049DAE6 /* ViewController.m */; };
		53C85A481BF411D60049DAE6 /* Main.storyboard in Resources */ = {isa = PBXBuildFile; fileRef = 53C85A461BF411D60049DAE6 /* Main.storyboard */; };
		53C85A4A1BF411D60049DAE6 /* Assets.xcassets in Resources */ = {isa = PBXBuildFile; fileRef = 53C85A491BF411D60049DAE6 /* Assets.xcassets */; };
		53C85A4D1BF411D60049DAE6 /* LaunchScreen.storyboard in Resources */ = {isa = PBXBuildFile; fileRef = 53C85A4B1BF411D60049DAE6 /* LaunchScreen.storyboard */; };
		53C85A581BF411D60049DAE6 /* DuckDuckGo_ObjectiveCTests.m in Sources */ = {isa = PBXBuildFile; fileRef = 53C85A571BF411D60049DAE6 /* DuckDuckGo_ObjectiveCTests.m */; };
		53C85A631BF411D60049DAE6 /* DuckDuckGo_ObjectiveCUITests.m in Sources */ = {isa = PBXBuildFile; fileRef = 53C85A621BF411D60049DAE6 /* DuckDuckGo_ObjectiveCUITests.m */; };
/* End PBXBuildFile section */

/* Begin PBXContainerItemProxy section */
		53C85A541BF411D60049DAE6 /* PBXContainerItemProxy */ = {
			isa = PBXContainerItemProxy;
			containerPortal = 53C85A321BF411D60049DAE6 /* Project object */;
			proxyType = 1;
			remoteGlobalIDString = 53C85A391BF411D60049DAE6;
			remoteInfo = "DuckDuckGo-ObjectiveC";
		};
		53C85A5F1BF411D60049DAE6 /* PBXContainerItemProxy */ = {
			isa = PBXContainerItemProxy;
			containerPortal = 53C85A321BF411D60049DAE6 /* Project object */;
			proxyType = 1;
			remoteGlobalIDString = 53C85A391BF411D60049DAE6;
			remoteInfo = "DuckDuckGo-ObjectiveC";
		};
/* End PBXContainerItemProxy section */

/* Begin PBXFileReference section */
		53AA1F681BF4D3BA007CABE5 /* TableViewController.h */ = {isa = PBXFileReference; fileEncoding = 4; lastKnownFileType = sourcecode.c.h; name = TableViewController.h; path = ../TableViewController.h; sourceTree = "<group>"; };
		53AA1F691BF4D3BA007CABE5 /* TableViewController.m */ = {isa = PBXFileReference; fileEncoding = 4; lastKnownFileType = sourcecode.c.objc; name = TableViewController.m; path = ../TableViewController.m; sourceTree = "<group>"; };
		53C85A3A1BF411D60049DAE6 /* DuckDuckGo-ObjectiveC.app */ = {isa = PBXFileReference; explicitFileType = wrapper.application; includeInIndex = 0; path = "DuckDuckGo-ObjectiveC.app"; sourceTree = BUILT_PRODUCTS_DIR; };
		53C85A3E1BF411D60049DAE6 /* main.m */ = {isa = PBXFileReference; lastKnownFileType = sourcecode.c.objc; path = main.m; sourceTree = "<group>"; };
		53C85A401BF411D60049DAE6 /* AppDelegate.h */ = {isa = PBXFileReference; lastKnownFileType = sourcecode.c.h; path = AppDelegate.h; sourceTree = "<group>"; };
		53C85A411BF411D60049DAE6 /* AppDelegate.m */ = {isa = PBXFileReference; lastKnownFileType = sourcecode.c.objc; path = AppDelegate.m; sourceTree = "<group>"; };
		53C85A431BF411D60049DAE6 /* ViewController.h */ = {isa = PBXFileReference; lastKnownFileType = sourcecode.c.h; path = ViewController.h; sourceTree = "<group>"; };
		53C85A441BF411D60049DAE6 /* ViewController.m */ = {isa = PBXFileReference; lastKnownFileType = sourcecode.c.objc; path = ViewController.m; sourceTree = "<group>"; };
		53C85A471BF411D60049DAE6 /* Base */ = {isa = PBXFileReference; lastKnownFileType = file.storyboard; name = Base; path = Base.lproj/Main.storyboard; sourceTree = "<group>"; };
		53C85A491BF411D60049DAE6 /* Assets.xcassets */ = {isa = PBXFileReference; lastKnownFileType = folder.assetcatalog; path = Assets.xcassets; sourceTree = "<group>"; };
		53C85A4C1BF411D60049DAE6 /* Base */ = {isa = PBXFileReference; lastKnownFileType = file.storyboard; name = Base; path = Base.lproj/LaunchScreen.storyboard; sourceTree = "<group>"; };
		53C85A4E1BF411D60049DAE6 /* Info.plist */ = {isa = PBXFileReference; lastKnownFileType = text.plist.xml; path = Info.plist; sourceTree = "<group>"; };
		53C85A531BF411D60049DAE6 /* DuckDuckGo-ObjectiveCTests.xctest */ = {isa = PBXFileReference; explicitFileType = wrapper.cfbundle; includeInIndex = 0; path = "DuckDuckGo-ObjectiveCTests.xctest"; sourceTree = BUILT_PRODUCTS_DIR; };
		53C85A571BF411D60049DAE6 /* DuckDuckGo_ObjectiveCTests.m */ = {isa = PBXFileReference; lastKnownFileType = sourcecode.c.objc; path = DuckDuckGo_ObjectiveCTests.m; sourceTree = "<group>"; };
		53C85A591BF411D60049DAE6 /* Info.plist */ = {isa = PBXFileReference; lastKnownFileType = text.plist.xml; path = Info.plist; sourceTree = "<group>"; };
		53C85A5E1BF411D60049DAE6 /* DuckDuckGo-ObjectiveCUITests.xctest */ = {isa = PBXFileReference; explicitFileType = wrapper.cfbundle; includeInIndex = 0; path = "DuckDuckGo-ObjectiveCUITests.xctest"; sourceTree = BUILT_PRODUCTS_DIR; };
		53C85A621BF411D60049DAE6 /* DuckDuckGo_ObjectiveCUITests.m */ = {isa = PBXFileReference; lastKnownFileType = sourcecode.c.objc; path = DuckDuckGo_ObjectiveCUITests.m; sourceTree = "<group>"; };
		53C85A641BF411D60049DAE6 /* Info.plist */ = {isa = PBXFileReference; lastKnownFileType = text.plist.xml; path = Info.plist; sourceTree = "<group>"; };
/* End PBXFileReference section */

/* Begin PBXFrameworksBuildPhase section */
		53C85A371BF411D60049DAE6 /* Frameworks */ = {
			isa = PBXFrameworksBuildPhase;
			buildActionMask = 2147483647;
			files = (
			);
			runOnlyForDeploymentPostprocessing = 0;
		};
		53C85A501BF411D60049DAE6 /* Frameworks */ = {
			isa = PBXFrameworksBuildPhase;
			buildActionMask = 2147483647;
			files = (
			);
			runOnlyForDeploymentPostprocessing = 0;
		};
		53C85A5B1BF411D60049DAE6 /* Frameworks */ = {
			isa = PBXFrameworksBuildPhase;
			buildActionMask = 2147483647;
			files = (
			);
			runOnlyForDeploymentPostprocessing = 0;
		};
/* End PBXFrameworksBuildPhase section */

/* Begin PBXGroup section */
		53C85A311BF411D60049DAE6 = {
			isa = PBXGroup;
			children = (
				53C85A3C1BF411D60049DAE6 /* DuckDuckGo-ObjectiveC */,
				53C85A561BF411D60049DAE6 /* DuckDuckGo-ObjectiveCTests */,
				53C85A611BF411D60049DAE6 /* DuckDuckGo-ObjectiveCUITests */,
				53C85A3B1BF411D60049DAE6 /* Products */,
			);
			sourceTree = "<group>";
		};
		53C85A3B1BF411D60049DAE6 /* Products */ = {
			isa = PBXGroup;
			children = (
				53C85A3A1BF411D60049DAE6 /* DuckDuckGo-ObjectiveC.app */,
				53C85A531BF411D60049DAE6 /* DuckDuckGo-ObjectiveCTests.xctest */,
				53C85A5E1BF411D60049DAE6 /* DuckDuckGo-ObjectiveCUITests.xctest */,
			);
			name = Products;
			sourceTree = "<group>";
		};
		53C85A3C1BF411D60049DAE6 /* DuckDuckGo-ObjectiveC */ = {
			isa = PBXGroup;
			children = (
				53C85A401BF411D60049DAE6 /* AppDelegate.h */,
				53C85A411BF411D60049DAE6 /* AppDelegate.m */,
				53C85A431BF411D60049DAE6 /* ViewController.h */,
				53C85A441BF411D60049DAE6 /* ViewController.m */,
				53AA1F681BF4D3BA007CABE5 /* TableViewController.h */,
				53AA1F691BF4D3BA007CABE5 /* TableViewController.m */,
				53C85A461BF411D60049DAE6 /* Main.storyboard */,
				53C85A491BF411D60049DAE6 /* Assets.xcassets */,
				53C85A4B1BF411D60049DAE6 /* LaunchScreen.storyboard */,
				53C85A4E1BF411D60049DAE6 /* Info.plist */,
				53C85A3D1BF411D60049DAE6 /* Supporting Files */,
			);
			path = "DuckDuckGo-ObjectiveC";
			sourceTree = "<group>";
		};
		53C85A3D1BF411D60049DAE6 /* Supporting Files */ = {
			isa = PBXGroup;
			children = (
				53C85A3E1BF411D60049DAE6 /* main.m */,
			);
			name = "Supporting Files";
			sourceTree = "<group>";
		};
		53C85A561BF411D60049DAE6 /* DuckDuckGo-ObjectiveCTests */ = {
			isa = PBXGroup;
			children = (
				53C85A571BF411D60049DAE6 /* DuckDuckGo_ObjectiveCTests.m */,
				53C85A591BF411D60049DAE6 /* Info.plist */,
			);
			path = "DuckDuckGo-ObjectiveCTests";
			sourceTree = "<group>";
		};
		53C85A611BF411D60049DAE6 /* DuckDuckGo-ObjectiveCUITests */ = {
			isa = PBXGroup;
			children = (
				53C85A621BF411D60049DAE6 /* DuckDuckGo_ObjectiveCUITests.m */,
				53C85A641BF411D60049DAE6 /* Info.plist */,
			);
			path = "DuckDuckGo-ObjectiveCUITests";
			sourceTree = "<group>";
		};
/* End PBXGroup section */

/* Begin PBXNativeTarget section */
		53C85A391BF411D60049DAE6 /* DuckDuckGo-ObjectiveC */ = {
			isa = PBXNativeTarget;
			buildConfigurationList = 53C85A671BF411D60049DAE6 /* Build configuration list for PBXNativeTarget "DuckDuckGo-ObjectiveC" */;
			buildPhases = (
				53C85A361BF411D60049DAE6 /* Sources */,
				53C85A371BF411D60049DAE6 /* Frameworks */,
				53C85A381BF411D60049DAE6 /* Resources */,
			);
			buildRules = (
			);
			dependencies = (
			);
			name = "DuckDuckGo-ObjectiveC";
			productName = "DuckDuckGo-ObjectiveC";
			productReference = 53C85A3A1BF411D60049DAE6 /* DuckDuckGo-ObjectiveC.app */;
			productType = "com.apple.product-type.application";
		};
		53C85A521BF411D60049DAE6 /* DuckDuckGo-ObjectiveCTests */ = {
			isa = PBXNativeTarget;
			buildConfigurationList = 53C85A6A1BF411D60049DAE6 /* Build configuration list for PBXNativeTarget "DuckDuckGo-ObjectiveCTests" */;
			buildPhases = (
				53C85A4F1BF411D60049DAE6 /* Sources */,
				53C85A501BF411D60049DAE6 /* Frameworks */,
				53C85A511BF411D60049DAE6 /* Resources */,
			);
			buildRules = (
			);
			dependencies = (
				53C85A551BF411D60049DAE6 /* PBXTargetDependency */,
			);
			name = "DuckDuckGo-ObjectiveCTests";
			productName = "DuckDuckGo-ObjectiveCTests";
			productReference = 53C85A531BF411D60049DAE6 /* DuckDuckGo-ObjectiveCTests.xctest */;
			productType = "com.apple.product-type.bundle.unit-test";
		};
		53C85A5D1BF411D60049DAE6 /* DuckDuckGo-ObjectiveCUITests */ = {
			isa = PBXNativeTarget;
			buildConfigurationList = 53C85A6D1BF411D60049DAE6 /* Build configuration list for PBXNativeTarget "DuckDuckGo-ObjectiveCUITests" */;
			buildPhases = (
				53C85A5A1BF411D60049DAE6 /* Sources */,
				53C85A5B1BF411D60049DAE6 /* Frameworks */,
				53C85A5C1BF411D60049DAE6 /* Resources */,
			);
			buildRules = (
			);
			dependencies = (
				53C85A601BF411D60049DAE6 /* PBXTargetDependency */,
			);
			name = "DuckDuckGo-ObjectiveCUITests";
			productName = "DuckDuckGo-ObjectiveCUITests";
			productReference = 53C85A5E1BF411D60049DAE6 /* DuckDuckGo-ObjectiveCUITests.xctest */;
			productType = "com.apple.product-type.bundle.ui-testing";
		};
/* End PBXNativeTarget section */

/* Begin PBXProject section */
		53C85A321BF411D60049DAE6 /* Project object */ = {
			isa = PBXProject;
			attributes = {
				LastUpgradeCheck = 0710;
				ORGANIZATIONNAME = "Eric Dockery";
				TargetAttributes = {
					53C85A391BF411D60049DAE6 = {
						CreatedOnToolsVersion = 7.1;
					};
					53C85A521BF411D60049DAE6 = {
						CreatedOnToolsVersion = 7.1;
						TestTargetID = 53C85A391BF411D60049DAE6;
					};
					53C85A5D1BF411D60049DAE6 = {
						CreatedOnToolsVersion = 7.1;
						TestTargetID = 53C85A391BF411D60049DAE6;
					};
				};
			};
			buildConfigurationList = 53C85A351BF411D60049DAE6 /* Build configuration list for PBXProject "DuckDuckGo-ObjectiveC" */;
			compatibilityVersion = "Xcode 3.2";
			developmentRegion = English;
			hasScannedForEncodings = 0;
			knownRegions = (
				en,
				Base,
			);
			mainGroup = 53C85A311BF411D60049DAE6;
			productRefGroup = 53C85A3B1BF411D60049DAE6 /* Products */;
			projectDirPath = "";
			projectRoot = "";
			targets = (
				53C85A391BF411D60049DAE6 /* DuckDuckGo-ObjectiveC */,
				53C85A521BF411D60049DAE6 /* DuckDuckGo-ObjectiveCTests */,
				53C85A5D1BF411D60049DAE6 /* DuckDuckGo-ObjectiveCUITests */,
			);
		};
/* End PBXProject section */

/* Begin PBXResourcesBuildPhase section */
		53C85A381BF411D60049DAE6 /* Resources */ = {
			isa = PBXResourcesBuildPhase;
			buildActionMask = 2147483647;
			files = (
				53C85A4D1BF411D60049DAE6 /* LaunchScreen.storyboard in Resources */,
				53C85A4A1BF411D60049DAE6 /* Assets.xcassets in Resources */,
				53C85A481BF411D60049DAE6 /* Main.storyboard in Resources */,
			);
			runOnlyForDeploymentPostprocessing = 0;
		};
		53C85A511BF411D60049DAE6 /* Resources */ = {
			isa = PBXResourcesBuildPhase;
			buildActionMask = 2147483647;
			files = (
			);
			runOnlyForDeploymentPostprocessing = 0;
		};
		53C85A5C1BF411D60049DAE6 /* Resources */ = {
			isa = PBXResourcesBuildPhase;
			buildActionMask = 2147483647;
			files = (
			);
			runOnlyForDeploymentPostprocessing = 0;
		};
/* End PBXResourcesBuildPhase section */

/* Begin PBXSourcesBuildPhase section */
		53C85A361BF411D60049DAE6 /* Sources */ = {
			isa = PBXSourcesBuildPhase;
			buildActionMask = 2147483647;
			files = (
				53C85A451BF411D60049DAE6 /* ViewController.m in Sources */,
				53C85A421BF411D60049DAE6 /* AppDelegate.m in Sources */,
				53C85A3F1BF411D60049DAE6 /* main.m in Sources */,
				53AA1F6A1BF4D3BA007CABE5 /* TableViewController.m in Sources */,
			);
			runOnlyForDeploymentPostprocessing = 0;
		};
		53C85A4F1BF411D60049DAE6 /* Sources */ = {
			isa = PBXSourcesBuildPhase;
			buildActionMask = 2147483647;
			files = (
				53C85A581BF411D60049DAE6 /* DuckDuckGo_ObjectiveCTests.m in Sources */,
			);
			runOnlyForDeploymentPostprocessing = 0;
		};
		53C85A5A1BF411D60049DAE6 /* Sources */ = {
			isa = PBXSourcesBuildPhase;
			buildActionMask = 2147483647;
			files = (
				53C85A631BF411D60049DAE6 /* DuckDuckGo_ObjectiveCUITests.m in Sources */,
			);
			runOnlyForDeploymentPostprocessing = 0;
		};
/* End PBXSourcesBuildPhase section */

/* Begin PBXTargetDependency section */
		53C85A551BF411D60049DAE6 /* PBXTargetDependency */ = {
			isa = PBXTargetDependency;
			target = 53C85A391BF411D60049DAE6 /* DuckDuckGo-ObjectiveC */;
			targetProxy = 53C85A541BF411D60049DAE6 /* PBXContainerItemProxy */;
		};
		53C85A601BF411D60049DAE6 /* PBXTargetDependency */ = {
			isa = PBXTargetDependency;
			target = 53C85A391BF411D60049DAE6 /* DuckDuckGo-ObjectiveC */;
			targetProxy = 53C85A5F1BF411D60049DAE6 /* PBXContainerItemProxy */;
		};
/* End PBXTargetDependency section */

/* Begin PBXVariantGroup section */
		53C85A461BF411D60049DAE6 /* Main.storyboard */ = {
			isa = PBXVariantGroup;
			children = (
				53C85A471BF411D60049DAE6 /* Base */,
			);
			name = Main.storyboard;
			sourceTree = "<group>";
		};
		53C85A4B1BF411D60049DAE6 /* LaunchScreen.storyboard */ = {
			isa = PBXVariantGroup;
			children = (
				53C85A4C1BF411D60049DAE6 /* Base */,
			);
			name = LaunchScreen.storyboard;
			sourceTree = "<group>";
		};
/* End PBXVariantGroup section */

/* Begin XCBuildConfiguration section */
		53C85A651BF411D60049DAE6 /* Debug */ = {
			isa = XCBuildConfiguration;
			buildSettings = {
				ALWAYS_SEARCH_USER_PATHS = NO;
				CLANG_CXX_LANGUAGE_STANDARD = "gnu++0x";
				CLANG_CXX_LIBRARY = "libc++";
				CLANG_ENABLE_MODULES = YES;
				CLANG_ENABLE_OBJC_ARC = YES;
				CLANG_WARN_BOOL_CONVERSION = YES;
				CLANG_WARN_CONSTANT_CONVERSION = YES;
				CLANG_WARN_DIRECT_OBJC_ISA_USAGE = YES_ERROR;
				CLANG_WARN_EMPTY_BODY = YES;
				CLANG_WARN_ENUM_CONVERSION = YES;
				CLANG_WARN_INT_CONVERSION = YES;
				CLANG_WARN_OBJC_ROOT_CLASS = YES_ERROR;
				CLANG_WARN_UNREACHABLE_CODE = YES;
				CLANG_WARN__DUPLICATE_METHOD_MATCH = YES;
				"CODE_SIGN_IDENTITY[sdk=iphoneos*]" = "iPhone Developer";
				COPY_PHASE_STRIP = NO;
				DEBUG_INFORMATION_FORMAT = dwarf;
				ENABLE_STRICT_OBJC_MSGSEND = YES;
				ENABLE_TESTABILITY = YES;
				GCC_C_LANGUAGE_STANDARD = gnu99;
				GCC_DYNAMIC_NO_PIC = NO;
				GCC_NO_COMMON_BLOCKS = YES;
				GCC_OPTIMIZATION_LEVEL = 0;
				GCC_PREPROCESSOR_DEFINITIONS = (
					"DEBUG=1",
					"$(inherited)",
				);
				GCC_WARN_64_TO_32_BIT_CONVERSION = YES;
				GCC_WARN_ABOUT_RETURN_TYPE = YES_ERROR;
				GCC_WARN_UNDECLARED_SELECTOR = YES;
				GCC_WARN_UNINITIALIZED_AUTOS = YES_AGGRESSIVE;
				GCC_WARN_UNUSED_FUNCTION = YES;
				GCC_WARN_UNUSED_VARIABLE = YES;
				IPHONEOS_DEPLOYMENT_TARGET = 9.1;
				MTL_ENABLE_DEBUG_INFO = YES;
				ONLY_ACTIVE_ARCH = YES;
				SDKROOT = iphoneos;
				TARGETED_DEVICE_FAMILY = "1,2";
			};
			name = Debug;
		};
		53C85A661BF411D60049DAE6 /* Release */ = {
			isa = XCBuildConfiguration;
			buildSettings = {
				ALWAYS_SEARCH_USER_PATHS = NO;
				CLANG_CXX_LANGUAGE_STANDARD = "gnu++0x";
				CLANG_CXX_LIBRARY = "libc++";
				CLANG_ENABLE_MODULES = YES;
				CLANG_ENABLE_OBJC_ARC = YES;
				CLANG_WARN_BOOL_CONVERSION = YES;
				CLANG_WARN_CONSTANT_CONVERSION = YES;
				CLANG_WARN_DIRECT_OBJC_ISA_USAGE = YES_ERROR;
				CLANG_WARN_EMPTY_BODY = YES;
				CLANG_WARN_ENUM_CONVERSION = YES;
				CLANG_WARN_INT_CONVERSION = YES;
				CLANG_WARN_OBJC_ROOT_CLASS = YES_ERROR;
				CLANG_WARN_UNREACHABLE_CODE = YES;
				CLANG_WARN__DUPLICATE_METHOD_MATCH = YES;
				"CODE_SIGN_IDENTITY[sdk=iphoneos*]" = "iPhone Developer";
				COPY_PHASE_STRIP = NO;
				DEBUG_INFORMATION_FORMAT = "dwarf-with-dsym";
				ENABLE_NS_ASSERTIONS = NO;
				ENABLE_STRICT_OBJC_MSGSEND = YES;
				GCC_C_LANGUAGE_STANDARD = gnu99;
				GCC_NO_COMMON_BLOCKS = YES;
				GCC_WARN_64_TO_32_BIT_CONVERSION = YES;
				GCC_WARN_ABOUT_RETURN_TYPE = YES_ERROR;
				GCC_WARN_UNDECLARED_SELECTOR = YES;
				GCC_WARN_UNINITIALIZED_AUTOS = YES_AGGRESSIVE;
				GCC_WARN_UNUSED_FUNCTION = YES;
				GCC_WARN_UNUSED_VARIABLE = YES;
				IPHONEOS_DEPLOYMENT_TARGET = 9.1;
				MTL_ENABLE_DEBUG_INFO = NO;
				SDKROOT = iphoneos;
				TARGETED_DEVICE_FAMILY = "1,2";
				VALIDATE_PRODUCT = YES;
			};
			name = Release;
		};
		53C85A681BF411D60049DAE6 /* Debug */ = {
			isa = XCBuildConfiguration;
			buildSettings = {
				ASSETCATALOG_COMPILER_APPICON_NAME = AppIcon;
				INFOPLIST_FILE = "DuckDuckGo-ObjectiveC/Info.plist";
				LD_RUNPATH_SEARCH_PATHS = "$(inherited) @executable_path/Frameworks";
				PRODUCT_BUNDLE_IDENTIFIER = "com.DocsPlayground.DuckDuckGo-ObjectiveC";
				PRODUCT_NAME = "$(TARGET_NAME)";
				TARGETED_DEVICE_FAMILY = 1;
			};
			name = Debug;
		};
		53C85A691BF411D60049DAE6 /* Release */ = {
			isa = XCBuildConfiguration;
			buildSettings = {
				ASSETCATALOG_COMPILER_APPICON_NAME = AppIcon;
				INFOPLIST_FILE = "DuckDuckGo-ObjectiveC/Info.plist";
				LD_RUNPATH_SEARCH_PATHS = "$(inherited) @executable_path/Frameworks";
				PRODUCT_BUNDLE_IDENTIFIER = "com.DocsPlayground.DuckDuckGo-ObjectiveC";
				PRODUCT_NAME = "$(TARGET_NAME)";
				TARGETED_DEVICE_FAMILY = 1;
			};
			name = Release;
		};
		53C85A6B1BF411D60049DAE6 /* Debug */ = {
			isa = XCBuildConfiguration;
			buildSettings = {
				BUNDLE_LOADER = "$(TEST_HOST)";
				INFOPLIST_FILE = "DuckDuckGo-ObjectiveCTests/Info.plist";
				LD_RUNPATH_SEARCH_PATHS = "$(inherited) @executable_path/Frameworks @loader_path/Frameworks";
				PRODUCT_BUNDLE_IDENTIFIER = "com.DocsPlayground.DuckDuckGo-ObjectiveCTests";
				PRODUCT_NAME = "$(TARGET_NAME)";
				TEST_HOST = "$(BUILT_PRODUCTS_DIR)/DuckDuckGo-ObjectiveC.app/DuckDuckGo-ObjectiveC";
			};
			name = Debug;
		};
		53C85A6C1BF411D60049DAE6 /* Release */ = {
			isa = XCBuildConfiguration;
			buildSettings = {
				BUNDLE_LOADER = "$(TEST_HOST)";
				INFOPLIST_FILE = "DuckDuckGo-ObjectiveCTests/Info.plist";
				LD_RUNPATH_SEARCH_PATHS = "$(inherited) @executable_path/Frameworks @loader_path/Frameworks";
				PRODUCT_BUNDLE_IDENTIFIER = "com.DocsPlayground.DuckDuckGo-ObjectiveCTests";
				PRODUCT_NAME = "$(TARGET_NAME)";
				TEST_HOST = "$(BUILT_PRODUCTS_DIR)/DuckDuckGo-ObjectiveC.app/DuckDuckGo-ObjectiveC";
			};
			name = Release;
		};
		53C85A6E1BF411D60049DAE6 /* Debug */ = {
			isa = XCBuildConfiguration;
			buildSettings = {
				INFOPLIST_FILE = "DuckDuckGo-ObjectiveCUITests/Info.plist";
				LD_RUNPATH_SEARCH_PATHS = "$(inherited) @executable_path/Frameworks @loader_path/Frameworks";
				PRODUCT_BUNDLE_IDENTIFIER = "com.DocsPlayground.DuckDuckGo-ObjectiveCUITests";
				PRODUCT_NAME = "$(TARGET_NAME)";
				TEST_TARGET_NAME = "DuckDuckGo-ObjectiveC";
				USES_XCTRUNNER = YES;
			};
			name = Debug;
		};
		53C85A6F1BF411D60049DAE6 /* Release */ = {
			isa = XCBuildConfiguration;
			buildSettings = {
				INFOPLIST_FILE = "DuckDuckGo-ObjectiveCUITests/Info.plist";
				LD_RUNPATH_SEARCH_PATHS = "$(inherited) @executable_path/Frameworks @loader_path/Frameworks";
				PRODUCT_BUNDLE_IDENTIFIER = "com.DocsPlayground.DuckDuckGo-ObjectiveCUITests";
				PRODUCT_NAME = "$(TARGET_NAME)";
				TEST_TARGET_NAME = "DuckDuckGo-ObjectiveC";
				USES_XCTRUNNER = YES;
			};
			name = Release;
		};
/* End XCBuildConfiguration section */

/* Begin XCConfigurationList section */
		53C85A351BF411D60049DAE6 /* Build configuration list for PBXProject "DuckDuckGo-ObjectiveC" */ = {
			isa = XCConfigurationList;
			buildConfigurations = (
				53C85A651BF411D60049DAE6 /* Debug */,
				53C85A661BF411D60049DAE6 /* Release */,
			);
			defaultConfigurationIsVisible = 0;
			defaultConfigurationName = Release;
		};
		53C85A671BF411D60049DAE6 /* Build configuration list for PBXNativeTarget "DuckDuckGo-ObjectiveC" */ = {
			isa = XCConfigurationList;
			buildConfigurations = (
				53C85A681BF411D60049DAE6 /* Debug */,
				53C85A691BF411D60049DAE6 /* Release */,
			);
			defaultConfigurationIsVisible = 0;
			defaultConfigurationName = Release;
		};
		53C85A6A1BF411D60049DAE6 /* Build configuration list for PBXNativeTarget "DuckDuckGo-ObjectiveCTests" */ = {
			isa = XCConfigurationList;
			buildConfigurations = (
				53C85A6B1BF411D60049DAE6 /* Debug */,
				53C85A6C1BF411D60049DAE6 /* Release */,
			);
			defaultConfigurationIsVisible = 0;
			defaultConfigurationName = Release;
		};
		53C85A6D1BF411D60049DAE6 /* Build configuration list for PBXNativeTarget "DuckDuckGo-ObjectiveCUITests" */ = {
			isa = XCConfigurationList;
			buildConfigurations = (
				53C85A6E1BF411D60049DAE6 /* Debug */,
				53C85A6F1BF411D60049DAE6 /* Release */,
			);
			defaultConfigurationIsVisible = 0;
			defaultConfigurationName = Release;
		};
/* End XCConfigurationList section */
	};
	rootObject = 53C85A321BF411D60049DAE6 /* Project object */;
}
